
Microsoft Visual Studio Solution File, Format Version 12.00
# Visual Studio 15
VisualStudioVersion = 15.0.26730.15
MinimumVisualStudioVersion = 10.0.40219.1
Project("{FAE04EC0-301F-11D3-BF4B-00C04F79EFBC}") = "лаба12", "лаба12\лаба12.csproj", "{A00374DD-7CEC-4FC7-BB21-ED7F5E340516}"
EndProject
Global
	GlobalSection(SolutionConfigurationPlatforms) = preSolution
		Debug|Any CPU = Debug|Any CPU
		Release|Any CPU = Release|Any CPU
	EndGlobalSection
	GlobalSection(ProjectConfigurationPlatforms) = postSolution
		{A00374DD-7CEC-4FC7-BB21-ED7F5E340516}.Debug|Any CPU.ActiveCfg = Debug|Any CPU
		{A00374DD-7CEC-4FC7-BB21-ED7F5E340516}.Debug|Any CPU.Build.0 = Debug|Any CPU
		{A00374DD-7CEC-4FC7-BB21-ED7F5E340516}.Release|Any CPU.ActiveCfg = Release|Any CPU
		{A00374DD-7CEC-4FC7-BB21-ED7F5E340516}.Release|Any CPU.Build.0 = Release|Any CPU
	EndGlobalSection
	GlobalSection(SolutionProperties) = preSolution
		HideSolutionNode = FALSE
	EndGlobalSection
	GlobalSection(ExtensibilityGlobals) = postSolution
		SolutionGuid = {6E7B95EC-AF21-43FC-AB3C-8F6C4EB61120}
	EndGlobalSection
EndGlobal
